
Microsoft Visual Studio Solution File, Format Version 12.00
# Visual Studio 15
VisualStudioVersion = 15.0.27130.2010
MinimumVisualStudioVersion = 10.0.40219.1
Project("{FAE04EC0-301F-11D3-BF4B-00C04F79EFBC}") = "CustomWinForm", "CustomWinForm\CustomWinForm.csproj", "{CF9E3C9D-4EB5-4534-A1CF-FF81DA31C807}"
EndProject
Global
	GlobalSection(SolutionConfigurationPlatforms) = preSolution
		Debug|Any CPU = Debug|Any CPU
		Release|Any CPU = Release|Any CPU
	EndGlobalSection
	GlobalSection(ProjectConfigurationPlatforms) = postSolution
		{CF9E3C9D-4EB5-4534-A1CF-FF81DA31C807}.Debug|Any CPU.ActiveCfg = Debug|Any CPU
		{CF9E3C9D-4EB5-4534-A1CF-FF81DA31C807}.Debug|Any CPU.Build.0 = Debug|Any CPU
		{CF9E3C9D-4EB5-4534-A1CF-FF81DA31C807}.Release|Any CPU.ActiveCfg = Release|Any CPU
		{CF9E3C9D-4EB5-4534-A1CF-FF81DA31C807}.Release|Any CPU.Build.0 = Release|Any CPU
	EndGlobalSection
	GlobalSection(SolutionProperties) = preSolution
		HideSolutionNode = FALSE
	EndGlobalSection
	GlobalSection(ExtensibilityGlobals) = postSolution
		SolutionGuid = {04088252-0C70-4DDC-916F-82B53483807E}
	EndGlobalSection
EndGlobal
